
Microsoft Visual Studio Solution File, Format Version 12.00
# Visual Studio Version 17
VisualStudioVersion = 17.7.34031.279
MinimumVisualStudioVersion = 10.0.40219.1
Project("{FAE04EC0-301F-11D3-BF4B-00C04F79EFBC}") = "DuAn_QuanLyKPI", "DuAn_QuanLyKPI\DuAn_QuanLyKPI.csproj", "{0D59704F-BB38-4EFC-97F5-0F105512F9B5}"
EndProject
Global
	GlobalSection(SolutionConfigurationPlatforms) = preSolution
		Debug|Any CPU = Debug|Any CPU
		Release|Any CPU = Release|Any CPU
	EndGlobalSection
	GlobalSection(ProjectConfigurationPlatforms) = postSolution
		{0D59704F-BB38-4EFC-97F5-0F105512F9B5}.Debug|Any CPU.ActiveCfg = Debug|Any CPU
		{0D59704F-BB38-4EFC-97F5-0F105512F9B5}.Debug|Any CPU.Build.0 = Debug|Any CPU
		{0D59704F-BB38-4EFC-97F5-0F105512F9B5}.Release|Any CPU.ActiveCfg = Release|Any CPU
		{0D59704F-BB38-4EFC-97F5-0F105512F9B5}.Release|Any CPU.Build.0 = Release|Any CPU
	EndGlobalSection
	GlobalSection(SolutionProperties) = preSolution
		HideSolutionNode = FALSE
	EndGlobalSection
	GlobalSection(ExtensibilityGlobals) = postSolution
		SolutionGuid = {BC1F8969-5326-4DD0-8B87-05AE19370EA1}
	EndGlobalSection
EndGlobal
